
Microsoft Visual Studio Solution File, Format Version 12.00
# Visual Studio Version 17
VisualStudioVersion = 17.7.34024.191
MinimumVisualStudioVersion = 10.0.40219.1
Project("{9A19103F-16F7-4668-BE54-9A1E7A4F7556}") = "Herencia", "Herencia\Herencia.csproj", "{6AC223BF-15AE-4B17-A2C9-01FC29E9F160}"
EndProject
Project("{FAE04EC0-301F-11D3-BF4B-00C04F79EFBC}") = "FacturacionProductos", "FacturacionProductos\FacturacionProductos.csproj", "{EB84C4D4-3E60-4B64-8220-E1B0484339D0}"
EndProject
Global
	GlobalSection(SolutionConfigurationPlatforms) = preSolution
		Debug|Any CPU = Debug|Any CPU
		Release|Any CPU = Release|Any CPU
	EndGlobalSection
	GlobalSection(ProjectConfigurationPlatforms) = postSolution
		{6AC223BF-15AE-4B17-A2C9-01FC29E9F160}.Debug|Any CPU.ActiveCfg = Debug|Any CPU
		{6AC223BF-15AE-4B17-A2C9-01FC29E9F160}.Debug|Any CPU.Build.0 = Debug|Any CPU
		{6AC223BF-15AE-4B17-A2C9-01FC29E9F160}.Release|Any CPU.ActiveCfg = Release|Any CPU
		{6AC223BF-15AE-4B17-A2C9-01FC29E9F160}.Release|Any CPU.Build.0 = Release|Any CPU
		{EB84C4D4-3E60-4B64-8220-E1B0484339D0}.Debug|Any CPU.ActiveCfg = Debug|Any CPU
		{EB84C4D4-3E60-4B64-8220-E1B0484339D0}.Debug|Any CPU.Build.0 = Debug|Any CPU
		{EB84C4D4-3E60-4B64-8220-E1B0484339D0}.Release|Any CPU.ActiveCfg = Release|Any CPU
		{EB84C4D4-3E60-4B64-8220-E1B0484339D0}.Release|Any CPU.Build.0 = Release|Any CPU
	EndGlobalSection
	GlobalSection(SolutionProperties) = preSolution
		HideSolutionNode = FALSE
	EndGlobalSection
	GlobalSection(ExtensibilityGlobals) = postSolution
		SolutionGuid = {6E676E82-18DD-4F49-A33F-76E047861660}
	EndGlobalSection
EndGlobal
